
Microsoft Visual Studio Solution File, Format Version 12.00
# Visual Studio Version 17
VisualStudioVersion = 17.14.37012.4
MinimumVisualStudioVersion = 10.0.40219.1
Project("{2150E333-8FDC-42A3-9474-1A3956D46DE8}") = "Src", "Src", "{02EA681E-C7D8-13C7-8484-4AC65E1B71E8}"
EndProject
Project("{2150E333-8FDC-42A3-9474-1A3956D46DE8}") = "Backend", "Backend", "{F5B7F998-ADA2-43E7-AB9D-8D21565FE79C}"
EndProject
Project("{2150E333-8FDC-42A3-9474-1A3956D46DE8}") = "Shared", "Shared", "{C19C426F-7B00-45F4-9A6D-9FB6ECAC1D1E}"
EndProject
Project("{FAE04EC0-301F-11D3-BF4B-00C04F79EFBC}") = "CardManager.API", "src\Backend\CardManager.API\CardManager.API.csproj", "{BE386DD9-CFA9-4530-BB0B-84BBA4A422D4}"
EndProject
Project("{FAE04EC0-301F-11D3-BF4B-00C04F79EFBC}") = "CardManager.Application", "src\Backend\CardManager.Application\CardManager.Application.csproj", "{BEBF30E7-702B-45AC-87FB-20853DE93D34}"
EndProject
Project("{FAE04EC0-301F-11D3-BF4B-00C04F79EFBC}") = "CardManager.Domain", "src\Backend\CardManager.Domain\CardManager.Domain.csproj", "{33D2C1F7-CFEF-4D5D-BE1C-91E94F2218FC}"
EndProject
Project("{FAE04EC0-301F-11D3-BF4B-00C04F79EFBC}") = "CardManager.Infrastructure", "src\Backend\CardManager.Infrastructure\CardManager.Infrastructure.csproj", "{26411876-DE3D-4A24-B2DA-E7A0D49C6DDF}"
EndProject
Project("{FAE04EC0-301F-11D3-BF4B-00C04F79EFBC}") = "CardManager.Communication", "src\Shared\CardManager.Communication\CardManager.Communication.csproj", "{6536D182-D909-4614-B0E5-8399357AE4AA}"
EndProject
Project("{FAE04EC0-301F-11D3-BF4B-00C04F79EFBC}") = "CardManager.Exceptions", "src\Shared\CardManager.Exceptions\CardManager.Exceptions.csproj", "{D0DF6738-0C25-43F6-A7A1-2556DD305118}"
EndProject
Project("{2150E333-8FDC-42A3-9474-1A3956D46DE8}") = "tests", "tests", "{67AEC1DA-D9CD-41F3-A762-B3EC8FBCE1D0}"
EndProject
Global
	GlobalSection(SolutionConfigurationPlatforms) = preSolution
		Debug|Any CPU = Debug|Any CPU
		Release|Any CPU = Release|Any CPU
	EndGlobalSection
	GlobalSection(ProjectConfigurationPlatforms) = postSolution
		{BE386DD9-CFA9-4530-BB0B-84BBA4A422D4}.Debug|Any CPU.ActiveCfg = Debug|Any CPU
		{BE386DD9-CFA9-4530-BB0B-84BBA4A422D4}.Debug|Any CPU.Build.0 = Debug|Any CPU
		{BE386DD9-CFA9-4530-BB0B-84BBA4A422D4}.Release|Any CPU.ActiveCfg = Release|Any CPU
		{BE386DD9-CFA9-4530-BB0B-84BBA4A422D4}.Release|Any CPU.Build.0 = Release|Any CPU
		{BEBF30E7-702B-45AC-87FB-20853DE93D34}.Debug|Any CPU.ActiveCfg = Debug|Any CPU
		{BEBF30E7-702B-45AC-87FB-20853DE93D34}.Debug|Any CPU.Build.0 = Debug|Any CPU
		{BEBF30E7-702B-45AC-87FB-20853DE93D34}.Release|Any CPU.ActiveCfg = Release|Any CPU
		{BEBF30E7-702B-45AC-87FB-20853DE93D34}.Release|Any CPU.Build.0 = Release|Any CPU
		{33D2C1F7-CFEF-4D5D-BE1C-91E94F2218FC}.Debug|Any CPU.ActiveCfg = Debug|Any CPU
		{33D2C1F7-CFEF-4D5D-BE1C-91E94F2218FC}.Debug|Any CPU.Build.0 = Debug|Any CPU
		{33D2C1F7-CFEF-4D5D-BE1C-91E94F2218FC}.Release|Any CPU.ActiveCfg = Release|Any CPU
		{33D2C1F7-CFEF-4D5D-BE1C-91E94F2218FC}.Release|Any CPU.Build.0 = Release|Any CPU
		{26411876-DE3D-4A24-B2DA-E7A0D49C6DDF}.Debug|Any CPU.ActiveCfg = Debug|Any CPU
		{26411876-DE3D-4A24-B2DA-E7A0D49C6DDF}.Debug|Any CPU.Build.0 = Debug|Any CPU
		{26411876-DE3D-4A24-B2DA-E7A0D49C6DDF}.Release|Any CPU.ActiveCfg = Release|Any CPU
		{26411876-DE3D-4A24-B2DA-E7A0D49C6DDF}.Release|Any CPU.Build.0 = Release|Any CPU
		{6536D182-D909-4614-B0E5-8399357AE4AA}.Debug|Any CPU.ActiveCfg = Debug|Any CPU
		{6536D182-D909-4614-B0E5-8399357AE4AA}.Debug|Any CPU.Build.0 = Debug|Any CPU
		{6536D182-D909-4614-B0E5-8399357AE4AA}.Release|Any CPU.ActiveCfg = Release|Any CPU
		{6536D182-D909-4614-B0E5-8399357AE4AA}.Release|Any CPU.Build.0 = Release|Any CPU
		{D0DF6738-0C25-43F6-A7A1-2556DD305118}.Debug|Any CPU.ActiveCfg = Debug|Any CPU
		{D0DF6738-0C25-43F6-A7A1-2556DD305118}.Debug|Any CPU.Build.0 = Debug|Any CPU
		{D0DF6738-0C25-43F6-A7A1-2556DD305118}.Release|Any CPU.ActiveCfg = Release|Any CPU
		{D0DF6738-0C25-43F6-A7A1-2556DD305118}.Release|Any CPU.Build.0 = Release|Any CPU
	EndGlobalSection
	GlobalSection(SolutionProperties) = preSolution
		HideSolutionNode = FALSE
	EndGlobalSection
	GlobalSection(NestedProjects) = preSolution
		{F5B7F998-ADA2-43E7-AB9D-8D21565FE79C} = {02EA681E-C7D8-13C7-8484-4AC65E1B71E8}
		{C19C426F-7B00-45F4-9A6D-9FB6ECAC1D1E} = {02EA681E-C7D8-13C7-8484-4AC65E1B71E8}
		{BE386DD9-CFA9-4530-BB0B-84BBA4A422D4} = {F5B7F998-ADA2-43E7-AB9D-8D21565FE79C}
		{BEBF30E7-702B-45AC-87FB-20853DE93D34} = {F5B7F998-ADA2-43E7-AB9D-8D21565FE79C}
		{33D2C1F7-CFEF-4D5D-BE1C-91E94F2218FC} = {F5B7F998-ADA2-43E7-AB9D-8D21565FE79C}
		{26411876-DE3D-4A24-B2DA-E7A0D49C6DDF} = {F5B7F998-ADA2-43E7-AB9D-8D21565FE79C}
		{6536D182-D909-4614-B0E5-8399357AE4AA} = {C19C426F-7B00-45F4-9A6D-9FB6ECAC1D1E}
		{D0DF6738-0C25-43F6-A7A1-2556DD305118} = {C19C426F-7B00-45F4-9A6D-9FB6ECAC1D1E}
	EndGlobalSection
	GlobalSection(ExtensibilityGlobals) = postSolution
		SolutionGuid = {419710B5-71FF-4EE9-872C-2C5EB82211B0}
	EndGlobalSection
EndGlobal
